
Microsoft Visual Studio Solution File, Format Version 12.00
# Visual Studio 14
VisualStudioVersion = 14.0.25420.1
MinimumVisualStudioVersion = 10.0.40219.1
Project("{FAE04EC0-301F-11D3-BF4B-00C04F79EFBC}") = "Parrot", "Parrot\Parrot.csproj", "{52909892-248A-429D-8CB3-96104197459D}"
	ProjectSection(ProjectDependencies) = postProject
		{16C589B0-CBAE-46B1-BC46-24AD34DE87F6} = {16C589B0-CBAE-46B1-BC46-24AD34DE87F6}
	EndProjectSection
EndProject
Project("{FAE04EC0-301F-11D3-BF4B-00C04F79EFBC}") = "Wind", "Wind\Wind.csproj", "{16C589B0-CBAE-46B1-BC46-24AD34DE87F6}"
EndProject
Project("{FAE04EC0-301F-11D3-BF4B-00C04F79EFBC}") = "Parrot_GH", "Parrot_GH\Parrot_GH.csproj", "{2DEB024B-74EA-4A83-8455-92984B6C82CE}"
	ProjectSection(ProjectDependencies) = postProject
		{52909892-248A-429D-8CB3-96104197459D} = {52909892-248A-429D-8CB3-96104197459D}
		{16C589B0-CBAE-46B1-BC46-24AD34DE87F6} = {16C589B0-CBAE-46B1-BC46-24AD34DE87F6}
	EndProjectSection
EndProject
Project("{FAE04EC0-301F-11D3-BF4B-00C04F79EFBC}") = "Wind_GH", "Wind_GH\Wind_GH.csproj", "{19233BAC-718A-4504-B07A-3ABF9C0F6050}"
	ProjectSection(ProjectDependencies) = postProject
		{16C589B0-CBAE-46B1-BC46-24AD34DE87F6} = {16C589B0-CBAE-46B1-BC46-24AD34DE87F6}
	EndProjectSection
EndProject
Project("{FAE04EC0-301F-11D3-BF4B-00C04F79EFBC}") = "Pollen", "Pollen\Pollen.csproj", "{A6F7F36D-CA95-4E10-9B4B-E7F0892338D0}"
	ProjectSection(ProjectDependencies) = postProject
		{16C589B0-CBAE-46B1-BC46-24AD34DE87F6} = {16C589B0-CBAE-46B1-BC46-24AD34DE87F6}
	EndProjectSection
EndProject
Project("{FAE04EC0-301F-11D3-BF4B-00C04F79EFBC}") = "Pollen_GH", "Pollen_GH\Pollen_GH.csproj", "{2A081C7F-2641-4084-8060-3ADE8E3649AC}"
	ProjectSection(ProjectDependencies) = postProject
		{A6F7F36D-CA95-4E10-9B4B-E7F0892338D0} = {A6F7F36D-CA95-4E10-9B4B-E7F0892338D0}
		{16C589B0-CBAE-46B1-BC46-24AD34DE87F6} = {16C589B0-CBAE-46B1-BC46-24AD34DE87F6}
	EndProjectSection
EndProject
Project("{FAE04EC0-301F-11D3-BF4B-00C04F79EFBC}") = "Macaw", "Macaw\Macaw.csproj", "{84FAD446-B4F6-44ED-85A4-D6ED88F7B324}"
	ProjectSection(ProjectDependencies) = postProject
		{16C589B0-CBAE-46B1-BC46-24AD34DE87F6} = {16C589B0-CBAE-46B1-BC46-24AD34DE87F6}
	EndProjectSection
EndProject
Project("{FAE04EC0-301F-11D3-BF4B-00C04F79EFBC}") = "Macaw_GH", "Macaw_GH\Macaw_GH.csproj", "{340DC584-9F32-4D34-A0EC-5396D3A6520A}"
	ProjectSection(ProjectDependencies) = postProject
		{84FAD446-B4F6-44ED-85A4-D6ED88F7B324} = {84FAD446-B4F6-44ED-85A4-D6ED88F7B324}
		{16C589B0-CBAE-46B1-BC46-24AD34DE87F6} = {16C589B0-CBAE-46B1-BC46-24AD34DE87F6}
	EndProjectSection
EndProject
Project("{FAE04EC0-301F-11D3-BF4B-00C04F79EFBC}") = "Hoopoe", "Hoopoe\Hoopoe.csproj", "{4776E010-0059-4D08-8BF8-7AC68247462D}"
EndProject
Project("{FAE04EC0-301F-11D3-BF4B-00C04F79EFBC}") = "Flock", "Flock\Flock.csproj", "{1AC87993-11F9-4426-864E-6E00F7676D93}"
	ProjectSection(ProjectDependencies) = postProject
		{16C589B0-CBAE-46B1-BC46-24AD34DE87F6} = {16C589B0-CBAE-46B1-BC46-24AD34DE87F6}
	EndProjectSection
EndProject
Project("{FAE04EC0-301F-11D3-BF4B-00C04F79EFBC}") = "Bumblebee", "Bumblebee\Bumblebee.csproj", "{1D0E0C2D-7E0B-4B7A-900F-CE78D7C6F66B}"
	ProjectSection(ProjectDependencies) = postProject
		{16C589B0-CBAE-46B1-BC46-24AD34DE87F6} = {16C589B0-CBAE-46B1-BC46-24AD34DE87F6}
	EndProjectSection
EndProject
Global
	GlobalSection(SolutionConfigurationPlatforms) = preSolution
		Debug|Any CPU = Debug|Any CPU
		Debug32|Any CPU = Debug32|Any CPU
		Debug64|Any CPU = Debug64|Any CPU
		Release|Any CPU = Release|Any CPU
	EndGlobalSection
	GlobalSection(ProjectConfigurationPlatforms) = postSolution
		{52909892-248A-429D-8CB3-96104197459D}.Debug|Any CPU.ActiveCfg = Debug|Any CPU
		{52909892-248A-429D-8CB3-96104197459D}.Debug|Any CPU.Build.0 = Debug|Any CPU
		{52909892-248A-429D-8CB3-96104197459D}.Debug32|Any CPU.ActiveCfg = Debug|Any CPU
		{52909892-248A-429D-8CB3-96104197459D}.Debug32|Any CPU.Build.0 = Debug|Any CPU
		{52909892-248A-429D-8CB3-96104197459D}.Debug64|Any CPU.ActiveCfg = Debug|Any CPU
		{52909892-248A-429D-8CB3-96104197459D}.Debug64|Any CPU.Build.0 = Debug|Any CPU
		{52909892-248A-429D-8CB3-96104197459D}.Release|Any CPU.ActiveCfg = Release|Any CPU
		{52909892-248A-429D-8CB3-96104197459D}.Release|Any CPU.Build.0 = Release|Any CPU
		{16C589B0-CBAE-46B1-BC46-24AD34DE87F6}.Debug|Any CPU.ActiveCfg = Debug|Any CPU
		{16C589B0-CBAE-46B1-BC46-24AD34DE87F6}.Debug|Any CPU.Build.0 = Debug|Any CPU
		{16C589B0-CBAE-46B1-BC46-24AD34DE87F6}.Debug32|Any CPU.ActiveCfg = Debug|Any CPU
		{16C589B0-CBAE-46B1-BC46-24AD34DE87F6}.Debug32|Any CPU.Build.0 = Debug|Any CPU
		{16C589B0-CBAE-46B1-BC46-24AD34DE87F6}.Debug64|Any CPU.ActiveCfg = Debug|Any CPU
		{16C589B0-CBAE-46B1-BC46-24AD34DE87F6}.Debug64|Any CPU.Build.0 = Debug|Any CPU
		{16C589B0-CBAE-46B1-BC46-24AD34DE87F6}.Release|Any CPU.ActiveCfg = Release|Any CPU
		{16C589B0-CBAE-46B1-BC46-24AD34DE87F6}.Release|Any CPU.Build.0 = Release|Any CPU
		{2DEB024B-74EA-4A83-8455-92984B6C82CE}.Debug|Any CPU.ActiveCfg = Debug64|Any CPU
		{2DEB024B-74EA-4A83-8455-92984B6C82CE}.Debug|Any CPU.Build.0 = Debug64|Any CPU
		{2DEB024B-74EA-4A83-8455-92984B6C82CE}.Debug32|Any CPU.ActiveCfg = Debug64|Any CPU
		{2DEB024B-74EA-4A83-8455-92984B6C82CE}.Debug32|Any CPU.Build.0 = Debug64|Any CPU
		{2DEB024B-74EA-4A83-8455-92984B6C82CE}.Debug64|Any CPU.ActiveCfg = Debug64|Any CPU
		{2DEB024B-74EA-4A83-8455-92984B6C82CE}.Debug64|Any CPU.Build.0 = Debug64|Any CPU
		{2DEB024B-74EA-4A83-8455-92984B6C82CE}.Release|Any CPU.ActiveCfg = Release|Any CPU
		{2DEB024B-74EA-4A83-8455-92984B6C82CE}.Release|Any CPU.Build.0 = Release|Any CPU
		{19233BAC-718A-4504-B07A-3ABF9C0F6050}.Debug|Any CPU.ActiveCfg = Debug64|Any CPU
		{19233BAC-718A-4504-B07A-3ABF9C0F6050}.Debug|Any CPU.Build.0 = Debug64|Any CPU
		{19233BAC-718A-4504-B07A-3ABF9C0F6050}.Debug32|Any CPU.ActiveCfg = Debug64|Any CPU
		{19233BAC-718A-4504-B07A-3ABF9C0F6050}.Debug32|Any CPU.Build.0 = Debug64|Any CPU
		{19233BAC-718A-4504-B07A-3ABF9C0F6050}.Debug64|Any CPU.ActiveCfg = Debug64|Any CPU
		{19233BAC-718A-4504-B07A-3ABF9C0F6050}.Debug64|Any CPU.Build.0 = Debug64|Any CPU
		{19233BAC-718A-4504-B07A-3ABF9C0F6050}.Release|Any CPU.ActiveCfg = Release|Any CPU
		{19233BAC-718A-4504-B07A-3ABF9C0F6050}.Release|Any CPU.Build.0 = Release|Any CPU
		{A6F7F36D-CA95-4E10-9B4B-E7F0892338D0}.Debug|Any CPU.ActiveCfg = Debug|Any CPU
		{A6F7F36D-CA95-4E10-9B4B-E7F0892338D0}.Debug|Any CPU.Build.0 = Debug|Any CPU
		{A6F7F36D-CA95-4E10-9B4B-E7F0892338D0}.Debug32|Any CPU.ActiveCfg = Debug|Any CPU
		{A6F7F36D-CA95-4E10-9B4B-E7F0892338D0}.Debug32|Any CPU.Build.0 = Debug|Any CPU
		{A6F7F36D-CA95-4E10-9B4B-E7F0892338D0}.Debug64|Any CPU.ActiveCfg = Debug|Any CPU
		{A6F7F36D-CA95-4E10-9B4B-E7F0892338D0}.Debug64|Any CPU.Build.0 = Debug|Any CPU
		{A6F7F36D-CA95-4E10-9B4B-E7F0892338D0}.Release|Any CPU.ActiveCfg = Release|Any CPU
		{A6F7F36D-CA95-4E10-9B4B-E7F0892338D0}.Release|Any CPU.Build.0 = Release|Any CPU
		{2A081C7F-2641-4084-8060-3ADE8E3649AC}.Debug|Any CPU.ActiveCfg = Debug64|Any CPU
		{2A081C7F-2641-4084-8060-3ADE8E3649AC}.Debug|Any CPU.Build.0 = Debug64|Any CPU
		{2A081C7F-2641-4084-8060-3ADE8E3649AC}.Debug32|Any CPU.ActiveCfg = Debug32|Any CPU
		{2A081C7F-2641-4084-8060-3ADE8E3649AC}.Debug32|Any CPU.Build.0 = Debug32|Any CPU
		{2A081C7F-2641-4084-8060-3ADE8E3649AC}.Debug64|Any CPU.ActiveCfg = Debug64|Any CPU
		{2A081C7F-2641-4084-8060-3ADE8E3649AC}.Debug64|Any CPU.Build.0 = Debug64|Any CPU
		{2A081C7F-2641-4084-8060-3ADE8E3649AC}.Release|Any CPU.ActiveCfg = Release|Any CPU
		{2A081C7F-2641-4084-8060-3ADE8E3649AC}.Release|Any CPU.Build.0 = Release|Any CPU
		{84FAD446-B4F6-44ED-85A4-D6ED88F7B324}.Debug|Any CPU.ActiveCfg = Debug|Any CPU
		{84FAD446-B4F6-44ED-85A4-D6ED88F7B324}.Debug|Any CPU.Build.0 = Debug|Any CPU
		{84FAD446-B4F6-44ED-85A4-D6ED88F7B324}.Debug32|Any CPU.ActiveCfg = Debug|Any CPU
		{84FAD446-B4F6-44ED-85A4-D6ED88F7B324}.Debug32|Any CPU.Build.0 = Debug|Any CPU
		{84FAD446-B4F6-44ED-85A4-D6ED88F7B324}.Debug64|Any CPU.ActiveCfg = Debug|Any CPU
		{84FAD446-B4F6-44ED-85A4-D6ED88F7B324}.Debug64|Any CPU.Build.0 = Debug|Any CPU
		{84FAD446-B4F6-44ED-85A4-D6ED88F7B324}.Release|Any CPU.ActiveCfg = Release|Any CPU
		{84FAD446-B4F6-44ED-85A4-D6ED88F7B324}.Release|Any CPU.Build.0 = Release|Any CPU
		{340DC584-9F32-4D34-A0EC-5396D3A6520A}.Debug|Any CPU.ActiveCfg = Debug64|Any CPU
		{340DC584-9F32-4D34-A0EC-5396D3A6520A}.Debug|Any CPU.Build.0 = Debug64|Any CPU
		{340DC584-9F32-4D34-A0EC-5396D3A6520A}.Debug32|Any CPU.ActiveCfg = Debug64|Any CPU
		{340DC584-9F32-4D34-A0EC-5396D3A6520A}.Debug32|Any CPU.Build.0 = Debug64|Any CPU
		{340DC584-9F32-4D34-A0EC-5396D3A6520A}.Debug64|Any CPU.ActiveCfg = Debug64|Any CPU
		{340DC584-9F32-4D34-A0EC-5396D3A6520A}.Debug64|Any CPU.Build.0 = Debug64|Any CPU
		{340DC584-9F32-4D34-A0EC-5396D3A6520A}.Release|Any CPU.ActiveCfg = Release|Any CPU
		{340DC584-9F32-4D34-A0EC-5396D3A6520A}.Release|Any CPU.Build.0 = Release|Any CPU
		{4776E010-0059-4D08-8BF8-7AC68247462D}.Debug|Any CPU.ActiveCfg = Debug|Any CPU
		{4776E010-0059-4D08-8BF8-7AC68247462D}.Debug|Any CPU.Build.0 = Debug|Any CPU
		{4776E010-0059-4D08-8BF8-7AC68247462D}.Debug32|Any CPU.ActiveCfg = Debug|Any CPU
		{4776E010-0059-4D08-8BF8-7AC68247462D}.Debug32|Any CPU.Build.0 = Debug|Any CPU
		{4776E010-0059-4D08-8BF8-7AC68247462D}.Debug64|Any CPU.ActiveCfg = Debug|Any CPU
		{4776E010-0059-4D08-8BF8-7AC68247462D}.Debug64|Any CPU.Build.0 = Debug|Any CPU
		{4776E010-0059-4D08-8BF8-7AC68247462D}.Release|Any CPU.ActiveCfg = Release|Any CPU
		{4776E010-0059-4D08-8BF8-7AC68247462D}.Release|Any CPU.Build.0 = Release|Any CPU
		{1AC87993-11F9-4426-864E-6E00F7676D93}.Debug|Any CPU.ActiveCfg = Debug|Any CPU
		{1AC87993-11F9-4426-864E-6E00F7676D93}.Debug|Any CPU.Build.0 = Debug|Any CPU
		{1AC87993-11F9-4426-864E-6E00F7676D93}.Debug32|Any CPU.ActiveCfg = Debug|Any CPU
		{1AC87993-11F9-4426-864E-6E00F7676D93}.Debug32|Any CPU.Build.0 = Debug|Any CPU
		{1AC87993-11F9-4426-864E-6E00F7676D93}.Debug64|Any CPU.ActiveCfg = Debug|Any CPU
		{1AC87993-11F9-4426-864E-6E00F7676D93}.Debug64|Any CPU.Build.0 = Debug|Any CPU
		{1AC87993-11F9-4426-864E-6E00F7676D93}.Release|Any CPU.ActiveCfg = Release|Any CPU
		{1AC87993-11F9-4426-864E-6E00F7676D93}.Release|Any CPU.Build.0 = Release|Any CPU
		{1D0E0C2D-7E0B-4B7A-900F-CE78D7C6F66B}.Debug|Any CPU.ActiveCfg = Debug|Any CPU
		{1D0E0C2D-7E0B-4B7A-900F-CE78D7C6F66B}.Debug|Any CPU.Build.0 = Debug|Any CPU
		{1D0E0C2D-7E0B-4B7A-900F-CE78D7C6F66B}.Debug32|Any CPU.ActiveCfg = Debug|Any CPU
		{1D0E0C2D-7E0B-4B7A-900F-CE78D7C6F66B}.Debug32|Any CPU.Build.0 = Debug|Any CPU
		{1D0E0C2D-7E0B-4B7A-900F-CE78D7C6F66B}.Debug64|Any CPU.ActiveCfg = Debug|Any CPU
		{1D0E0C2D-7E0B-4B7A-900F-CE78D7C6F66B}.Debug64|Any CPU.Build.0 = Debug|Any CPU
		{1D0E0C2D-7E0B-4B7A-900F-CE78D7C6F66B}.Release|Any CPU.ActiveCfg = Release|Any CPU
		{1D0E0C2D-7E0B-4B7A-900F-CE78D7C6F66B}.Release|Any CPU.Build.0 = Release|Any CPU
	EndGlobalSection
	GlobalSection(SolutionProperties) = preSolution
		HideSolutionNode = FALSE
	EndGlobalSection
EndGlobal
